
Microsoft Visual Studio Solution File, Format Version 12.00
# Visual Studio Version 16
VisualStudioVersion = 16.0.30204.135
MinimumVisualStudioVersion = 10.0.40219.1
Project("{8BC9CEB8-8B4A-11D0-8D11-00A0C91BC942}") = "11F_Pato_Sendmory", "11F_Pato_Sendmory\11F_Pato_Sendmory.vcxproj", "{0369AF4E-2522-47CD-AA28-0B54E91F2C70}"
EndProject
Global
	GlobalSection(SolutionConfigurationPlatforms) = preSolution
		Debug|x64 = Debug|x64
		Debug|x86 = Debug|x86
		Release|x64 = Release|x64
		Release|x86 = Release|x86
	EndGlobalSection
	GlobalSection(ProjectConfigurationPlatforms) = postSolution
		{0369AF4E-2522-47CD-AA28-0B54E91F2C70}.Debug|x64.ActiveCfg = Debug|x64
		{0369AF4E-2522-47CD-AA28-0B54E91F2C70}.Debug|x64.Build.0 = Debug|x64
		{0369AF4E-2522-47CD-AA28-0B54E91F2C70}.Debug|x86.ActiveCfg = Debug|Win32
		{0369AF4E-2522-47CD-AA28-0B54E91F2C70}.Debug|x86.Build.0 = Debug|Win32
		{0369AF4E-2522-47CD-AA28-0B54E91F2C70}.Release|x64.ActiveCfg = Release|x64
		{0369AF4E-2522-47CD-AA28-0B54E91F2C70}.Release|x64.Build.0 = Release|x64
		{0369AF4E-2522-47CD-AA28-0B54E91F2C70}.Release|x86.ActiveCfg = Release|Win32
		{0369AF4E-2522-47CD-AA28-0B54E91F2C70}.Release|x86.Build.0 = Release|Win32
	EndGlobalSection
	GlobalSection(SolutionProperties) = preSolution
		HideSolutionNode = FALSE
	EndGlobalSection
	GlobalSection(ExtensibilityGlobals) = postSolution
		SolutionGuid = {62D2F7B9-8165-44A2-A511-0E8C0121EDB5}
	EndGlobalSection
EndGlobal
